
Microsoft Visual Studio Solution File, Format Version 12.00
# Blend for Visual Studio 15
VisualStudioVersion = 15.0.27004.2009
MinimumVisualStudioVersion = 10.0.40219.1
Project("{FAE04EC0-301F-11D3-BF4B-00C04F79EFBC}") = "SignalRWPFApp", "SignalRWPFApp\SignalRWPFApp.csproj", "{D5588231-4C46-43C0-9570-946B29B8420D}"
EndProject
Global
	GlobalSection(SolutionConfigurationPlatforms) = preSolution
		Debug|Any CPU = Debug|Any CPU
		Release|Any CPU = Release|Any CPU
	EndGlobalSection
	GlobalSection(ProjectConfigurationPlatforms) = postSolution
		{D5588231-4C46-43C0-9570-946B29B8420D}.Debug|Any CPU.ActiveCfg = Debug|Any CPU
		{D5588231-4C46-43C0-9570-946B29B8420D}.Debug|Any CPU.Build.0 = Debug|Any CPU
		{D5588231-4C46-43C0-9570-946B29B8420D}.Release|Any CPU.ActiveCfg = Release|Any CPU
		{D5588231-4C46-43C0-9570-946B29B8420D}.Release|Any CPU.Build.0 = Release|Any CPU
	EndGlobalSection
	GlobalSection(SolutionProperties) = preSolution
		HideSolutionNode = FALSE
	EndGlobalSection
	GlobalSection(ExtensibilityGlobals) = postSolution
		SolutionGuid = {DCA3E96E-A968-4420-8584-D61C80D0656A}
	EndGlobalSection
EndGlobal
